
Microsoft Visual Studio Solution File, Format Version 12.00
# Visual Studio 15
VisualStudioVersion = 15.0.26730.16
MinimumVisualStudioVersion = 10.0.40219.1
Project("{FAE04EC0-301F-11D3-BF4B-00C04F79EFBC}") = "Application", "Application\Application.csproj", "{03B5B2F6-7B48-4D34-9DEB-CCA14A734794}"
EndProject
Project("{FAE04EC0-301F-11D3-BF4B-00C04F79EFBC}") = "Specification", "Specification\Specification.csproj", "{C87F5116-7371-42AB-837D-F817C7A5ACF8}"
EndProject
Project("{FAE04EC0-301F-11D3-BF4B-00C04F79EFBC}") = "Facade", "Facade\Facade.csproj", "{EBC38AD1-DF60-4B29-BBAF-98C25BEC829A}"
EndProject
Global
	GlobalSection(SolutionConfigurationPlatforms) = preSolution
		Debug|Any CPU = Debug|Any CPU
		Release|Any CPU = Release|Any CPU
	EndGlobalSection
	GlobalSection(ProjectConfigurationPlatforms) = postSolution
		{03B5B2F6-7B48-4D34-9DEB-CCA14A734794}.Debug|Any CPU.ActiveCfg = Debug|Any CPU
		{03B5B2F6-7B48-4D34-9DEB-CCA14A734794}.Debug|Any CPU.Build.0 = Debug|Any CPU
		{03B5B2F6-7B48-4D34-9DEB-CCA14A734794}.Release|Any CPU.ActiveCfg = Release|Any CPU
		{03B5B2F6-7B48-4D34-9DEB-CCA14A734794}.Release|Any CPU.Build.0 = Release|Any CPU
		{C87F5116-7371-42AB-837D-F817C7A5ACF8}.Debug|Any CPU.ActiveCfg = Debug|Any CPU
		{C87F5116-7371-42AB-837D-F817C7A5ACF8}.Debug|Any CPU.Build.0 = Debug|Any CPU
		{C87F5116-7371-42AB-837D-F817C7A5ACF8}.Release|Any CPU.ActiveCfg = Release|Any CPU
		{C87F5116-7371-42AB-837D-F817C7A5ACF8}.Release|Any CPU.Build.0 = Release|Any CPU
		{EBC38AD1-DF60-4B29-BBAF-98C25BEC829A}.Debug|Any CPU.ActiveCfg = Debug|Any CPU
		{EBC38AD1-DF60-4B29-BBAF-98C25BEC829A}.Debug|Any CPU.Build.0 = Debug|Any CPU
		{EBC38AD1-DF60-4B29-BBAF-98C25BEC829A}.Release|Any CPU.ActiveCfg = Release|Any CPU
		{EBC38AD1-DF60-4B29-BBAF-98C25BEC829A}.Release|Any CPU.Build.0 = Release|Any CPU
	EndGlobalSection
	GlobalSection(SolutionProperties) = preSolution
		HideSolutionNode = FALSE
	EndGlobalSection
	GlobalSection(ExtensibilityGlobals) = postSolution
		SolutionGuid = {7416E3AE-28EE-4BF8-9823-D7FE5AEA949D}
	EndGlobalSection
EndGlobal
